
Microsoft Visual Studio Solution File, Format Version 12.00
# Visual Studio 15
VisualStudioVersion = 15.0.28010.2050
MinimumVisualStudioVersion = 10.0.40219.1
Project("{9A19103F-16F7-4668-BE54-9A1E7A4F7556}") = "ExpenseService", "ExpenseService\ExpenseService.csproj", "{12E69754-D49A-4EAF-A66B-8D83409FBA8E}"
EndProject
Project("{9A19103F-16F7-4668-BE54-9A1E7A4F7556}") = "ExpenseService.Tests", "ExpenseService.Tests\ExpenseService.Tests.csproj", "{D7429E7E-7D93-470A-BD56-FC0A520AF2B3}"
EndProject
Project("{2150E333-8FDC-42A3-9474-1A3956D46DE8}") = "Solution Items", "Solution Items", "{6733D317-3809-419A-A8B8-271D670072CE}"
	ProjectSection(SolutionItems) = preProject
		.editorconfig = .editorconfig
		README.md = README.md
	EndProjectSection
EndProject
Global
	GlobalSection(SolutionConfigurationPlatforms) = preSolution
		Debug|Any CPU = Debug|Any CPU
		Release|Any CPU = Release|Any CPU
	EndGlobalSection
	GlobalSection(ProjectConfigurationPlatforms) = postSolution
		{12E69754-D49A-4EAF-A66B-8D83409FBA8E}.Debug|Any CPU.ActiveCfg = Debug|Any CPU
		{12E69754-D49A-4EAF-A66B-8D83409FBA8E}.Debug|Any CPU.Build.0 = Debug|Any CPU
		{12E69754-D49A-4EAF-A66B-8D83409FBA8E}.Release|Any CPU.ActiveCfg = Release|Any CPU
		{12E69754-D49A-4EAF-A66B-8D83409FBA8E}.Release|Any CPU.Build.0 = Release|Any CPU
		{D7429E7E-7D93-470A-BD56-FC0A520AF2B3}.Debug|Any CPU.ActiveCfg = Debug|Any CPU
		{D7429E7E-7D93-470A-BD56-FC0A520AF2B3}.Debug|Any CPU.Build.0 = Debug|Any CPU
		{D7429E7E-7D93-470A-BD56-FC0A520AF2B3}.Release|Any CPU.ActiveCfg = Release|Any CPU
		{D7429E7E-7D93-470A-BD56-FC0A520AF2B3}.Release|Any CPU.Build.0 = Release|Any CPU
	EndGlobalSection
	GlobalSection(SolutionProperties) = preSolution
		HideSolutionNode = FALSE
	EndGlobalSection
	GlobalSection(ExtensibilityGlobals) = postSolution
		SolutionGuid = {DD0EB2A9-C086-4474-B5A0-C8D72E45213F}
	EndGlobalSection
EndGlobal
